
Microsoft Visual Studio Solution File, Format Version 12.00
# Visual Studio Version 17
VisualStudioVersion = 17.11.35312.102
MinimumVisualStudioVersion = 10.0.40219.1
Project("{FAE04EC0-301F-11D3-BF4B-00C04F79EFBC}") = "WPF-MVVM-SPA-Template", "WPF-MVVM-SPA-Template\WPF-MVVM-SPA-Template.csproj", "{954D1116-9788-1059-FA80-DFCEE1510C61}"
EndProject
Project("{FAE04EC0-301F-11D3-BF4B-00C04F79EFBC}") = "CustomControlsLib", "CustomControlsLib\CustomControlsLib.csproj", "{AEF7ACDC-FF54-41BF-948D-E3F10CF77AEB}"
EndProject
Project("{FAE04EC0-301F-11D3-BF4B-00C04F79EFBC}") = "WpfApp1", "WpfApp1\WpfApp1.csproj", "{F5C3644F-3254-4685-A576-D6497C3F0AEC}"
EndProject
Global
	GlobalSection(SolutionConfigurationPlatforms) = preSolution
		Debug|Any CPU = Debug|Any CPU
		Release|Any CPU = Release|Any CPU
	EndGlobalSection
	GlobalSection(ProjectConfigurationPlatforms) = postSolution
		{954D1116-9788-1059-FA80-DFCEE1510C61}.Debug|Any CPU.ActiveCfg = Debug|Any CPU
		{954D1116-9788-1059-FA80-DFCEE1510C61}.Debug|Any CPU.Build.0 = Debug|Any CPU
		{954D1116-9788-1059-FA80-DFCEE1510C61}.Release|Any CPU.ActiveCfg = Release|Any CPU
		{954D1116-9788-1059-FA80-DFCEE1510C61}.Release|Any CPU.Build.0 = Release|Any CPU
		{AEF7ACDC-FF54-41BF-948D-E3F10CF77AEB}.Debug|Any CPU.ActiveCfg = Debug|Any CPU
		{AEF7ACDC-FF54-41BF-948D-E3F10CF77AEB}.Debug|Any CPU.Build.0 = Debug|Any CPU
		{AEF7ACDC-FF54-41BF-948D-E3F10CF77AEB}.Release|Any CPU.ActiveCfg = Release|Any CPU
		{AEF7ACDC-FF54-41BF-948D-E3F10CF77AEB}.Release|Any CPU.Build.0 = Release|Any CPU
		{F5C3644F-3254-4685-A576-D6497C3F0AEC}.Debug|Any CPU.ActiveCfg = Debug|Any CPU
		{F5C3644F-3254-4685-A576-D6497C3F0AEC}.Debug|Any CPU.Build.0 = Debug|Any CPU
		{F5C3644F-3254-4685-A576-D6497C3F0AEC}.Release|Any CPU.ActiveCfg = Release|Any CPU
		{F5C3644F-3254-4685-A576-D6497C3F0AEC}.Release|Any CPU.Build.0 = Release|Any CPU
	EndGlobalSection
	GlobalSection(SolutionProperties) = preSolution
		HideSolutionNode = FALSE
	EndGlobalSection
	GlobalSection(ExtensibilityGlobals) = postSolution
		SolutionGuid = {6C67E722-F9A8-4810-9EF8-0BCBC5FF594E}
	EndGlobalSection
EndGlobal
